
Microsoft Visual Studio Solution File, Format Version 12.00
# Visual Studio Version 17
VisualStudioVersion = 17.6.33513.286
MinimumVisualStudioVersion = 10.0.40219.1
Project("{FAE04EC0-301F-11D3-BF4B-00C04F79EFBC}") = "BlazorECommerce.Server", "BlazorECommerce\Server\BlazorECommerce.Server.csproj", "{A2E9F8F3-CC8F-4812-86A7-C1E0C2ECD5FB}"
EndProject
Project("{FAE04EC0-301F-11D3-BF4B-00C04F79EFBC}") = "BlazorECommerce.Client", "BlazorECommerce\Client\BlazorECommerce.Client.csproj", "{22A27426-0D74-4D18-A28F-4C126121A9BF}"
EndProject
Project("{FAE04EC0-301F-11D3-BF4B-00C04F79EFBC}") = "BlazorECommerce.Shared", "BlazorECommerce\Shared\BlazorECommerce.Shared.csproj", "{9A630C9F-E4C1-4CF0-9256-D5567DF4F770}"
EndProject
Global
	GlobalSection(SolutionConfigurationPlatforms) = preSolution
		Debug|Any CPU = Debug|Any CPU
		Release|Any CPU = Release|Any CPU
	EndGlobalSection
	GlobalSection(ProjectConfigurationPlatforms) = postSolution
		{A2E9F8F3-CC8F-4812-86A7-C1E0C2ECD5FB}.Debug|Any CPU.ActiveCfg = Debug|Any CPU
		{A2E9F8F3-CC8F-4812-86A7-C1E0C2ECD5FB}.Debug|Any CPU.Build.0 = Debug|Any CPU
		{A2E9F8F3-CC8F-4812-86A7-C1E0C2ECD5FB}.Release|Any CPU.ActiveCfg = Release|Any CPU
		{A2E9F8F3-CC8F-4812-86A7-C1E0C2ECD5FB}.Release|Any CPU.Build.0 = Release|Any CPU
		{22A27426-0D74-4D18-A28F-4C126121A9BF}.Debug|Any CPU.ActiveCfg = Debug|Any CPU
		{22A27426-0D74-4D18-A28F-4C126121A9BF}.Debug|Any CPU.Build.0 = Debug|Any CPU
		{22A27426-0D74-4D18-A28F-4C126121A9BF}.Release|Any CPU.ActiveCfg = Release|Any CPU
		{22A27426-0D74-4D18-A28F-4C126121A9BF}.Release|Any CPU.Build.0 = Release|Any CPU
		{9A630C9F-E4C1-4CF0-9256-D5567DF4F770}.Debug|Any CPU.ActiveCfg = Debug|Any CPU
		{9A630C9F-E4C1-4CF0-9256-D5567DF4F770}.Debug|Any CPU.Build.0 = Debug|Any CPU
		{9A630C9F-E4C1-4CF0-9256-D5567DF4F770}.Release|Any CPU.ActiveCfg = Release|Any CPU
		{9A630C9F-E4C1-4CF0-9256-D5567DF4F770}.Release|Any CPU.Build.0 = Release|Any CPU
	EndGlobalSection
	GlobalSection(SolutionProperties) = preSolution
		HideSolutionNode = FALSE
	EndGlobalSection
	GlobalSection(ExtensibilityGlobals) = postSolution
		SolutionGuid = {A3D3999F-F008-4158-B51D-FC65C4CD65AA}
	EndGlobalSection
EndGlobal
